
Microsoft Visual Studio Solution File, Format Version 12.00
# Visual Studio Version 16
VisualStudioVersion = 16.0.32228.343
MinimumVisualStudioVersion = 10.0.40219.1
Project("{FAE04EC0-301F-11D3-BF4B-00C04F79EFBC}") = "LOVE Editor", "LOVE Editor\LOVE Editor.csproj", "{5AAB9AD4-0452-4857-A0AF-F90C2F5E0AC8}"
EndProject
Global
	GlobalSection(SolutionConfigurationPlatforms) = preSolution
		Debug|Any CPU = Debug|Any CPU
		Release|Any CPU = Release|Any CPU
	EndGlobalSection
	GlobalSection(ProjectConfigurationPlatforms) = postSolution
		{5AAB9AD4-0452-4857-A0AF-F90C2F5E0AC8}.Debug|Any CPU.ActiveCfg = Debug|Any CPU
		{5AAB9AD4-0452-4857-A0AF-F90C2F5E0AC8}.Debug|Any CPU.Build.0 = Debug|Any CPU
		{5AAB9AD4-0452-4857-A0AF-F90C2F5E0AC8}.Release|Any CPU.ActiveCfg = Release|Any CPU
		{5AAB9AD4-0452-4857-A0AF-F90C2F5E0AC8}.Release|Any CPU.Build.0 = Release|Any CPU
	EndGlobalSection
	GlobalSection(SolutionProperties) = preSolution
		HideSolutionNode = FALSE
	EndGlobalSection
	GlobalSection(ExtensibilityGlobals) = postSolution
		SolutionGuid = {315F7078-4D71-4D8F-892B-F90A946E7390}
	EndGlobalSection
EndGlobal
